
Microsoft Visual Studio Solution File, Format Version 12.00
# Visual Studio Version 17
VisualStudioVersion = 17.0.31903.59
MinimumVisualStudioVersion = 10.0.40219.1
Project("{FAE04EC0-301F-11D3-BF4B-00C04F79EFBC}") = "API", "API\API.csproj", "{DFD04758-0663-4B2F-A925-8F87505E72A1}"
EndProject
Global
	GlobalSection(SolutionConfigurationPlatforms) = preSolution
		Debug|Any CPU = Debug|Any CPU
		Release|Any CPU = Release|Any CPU
	EndGlobalSection
	GlobalSection(ProjectConfigurationPlatforms) = postSolution
		{DFD04758-0663-4B2F-A925-8F87505E72A1}.Debug|Any CPU.ActiveCfg = Debug|Any CPU
		{DFD04758-0663-4B2F-A925-8F87505E72A1}.Debug|Any CPU.Build.0 = Debug|Any CPU
		{DFD04758-0663-4B2F-A925-8F87505E72A1}.Release|Any CPU.ActiveCfg = Release|Any CPU
		{DFD04758-0663-4B2F-A925-8F87505E72A1}.Release|Any CPU.Build.0 = Release|Any CPU
	EndGlobalSection
	GlobalSection(SolutionProperties) = preSolution
		HideSolutionNode = FALSE
	EndGlobalSection
	GlobalSection(ExtensibilityGlobals) = postSolution
		SolutionGuid = {B927366D-D936-4043-93A1-B9E1B9FA3355}
	EndGlobalSection
EndGlobal
